// !$*UTF8*$!
{
	archiveVersion = 1;
	classes = {
	};
	objectVersion = 46;
	objects = {

/* Begin PBXBuildFile section */
		CBB9A6831BD890680007F01A /* demo.json in Resources */ = {isa = PBXBuildFile; fileRef = CBB9A6821BD890680007F01A /* demo.json */; };
		CBB9A6851BD8A9410007F01A /* 001.png in Resources */ = {isa = PBXBuildFile; fileRef = CBB9A6841BD8A9410007F01A /* 001.png */; };
		CBE9906B1BD886E5004D8EF4 /* main.m in Sources */ = {isa = PBXBuildFile; fileRef = CBE9906A1BD886E5004D8EF4 /* main.m */; };
		CBE9906E1BD886E5004D8EF4 /* AppDelegate.m in Sources */ = {isa = PBXBuildFile; fileRef = CBE9906D1BD886E5004D8EF4 /* AppDelegate.m */; };
		CBE990711BD886E5004D8EF4 /* ViewController.m in Sources */ = {isa = PBXBuildFile; fileRef = CBE990701BD886E5004D8EF4 /* ViewController.m */; };
		CBE990741BD886E5004D8EF4 /* Main.storyboard in Resources */ = {isa = PBXBuildFile; fileRef = CBE990721BD886E5004D8EF4 /* Main.storyboard */; };
		CBE990761BD886E5004D8EF4 /* Images.xcassets in Resources */ = {isa = PBXBuildFile; fileRef = CBE990751BD886E5004D8EF4 /* Images.xcassets */; };
		CBE990791BD886E5004D8EF4 /* LaunchScreen.xib in Resources */ = {isa = PBXBuildFile; fileRef = CBE990771BD886E5004D8EF4 /* LaunchScreen.xib */; };
		CBE990851BD886E5004D8EF4 /* POST_JSONTests.m in Sources */ = {isa = PBXBuildFile; fileRef = CBE990841BD886E5004D8EF4 /* POST_JSONTests.m */; };
/* End PBXBuildFile section */

/* Begin PBXContainerItemProxy section */
		CBE9907F1BD886E5004D8EF4 /* PBXContainerItemProxy */ = {
			isa = PBXContainerItemProxy;
			containerPortal = CBE9905D1BD886E5004D8EF4 /* Project object */;
			proxyType = 1;
			remoteGlobalIDString = CBE990641BD886E5004D8EF4;
			remoteInfo = POST_JSON;
		};
/* End PBXContainerItemProxy section */

/* Begin PBXFileReference section */
		CBB9A6821BD890680007F01A /* demo.json */ = {isa = PBXFileReference; fileEncoding = 4; lastKnownFileType = text.json; path = demo.json; sourceTree = "<group>"; };
		CBB9A6841BD8A9410007F01A /* 001.png */ = {isa = PBXFileReference; lastKnownFileType = image.png; path = 001.png; sourceTree = "<group>"; };
		CBE990651BD886E5004D8EF4 /* POST_JSON.app */ = {isa = PBXFileReference; explicitFileType = wrapper.application; includeInIndex = 0; path = POST_JSON.app; sourceTree = BUILT_PRODUCTS_DIR; };
		CBE990691BD886E5004D8EF4 /* Info.plist */ = {isa = PBXFileReference; lastKnownFileType = text.plist.xml; path = Info.plist; sourceTree = "<group>"; };
		CBE9906A1BD886E5004D8EF4 /* main.m */ = {isa = PBXFileReference; lastKnownFileType = sourcecode.c.objc; path = main.m; sourceTree = "<group>"; };
		CBE9906C1BD886E5004D8EF4 /* AppDelegate.h */ = {isa = PBXFileReference; lastKnownFileType = sourcecode.c.h; path = AppDelegate.h; sourceTree = "<group>"; };
		CBE9906D1BD886E5004D8EF4 /* AppDelegate.m */ = {isa = PBXFileReference; lastKnownFileType = sourcecode.c.objc; path = AppDelegate.m; sourceTree = "<group>"; };
		CBE9906F1BD886E5004D8EF4 /* ViewController.h */ = {isa = PBXFileReference; lastKnownFileType = sourcecode.c.h; path = ViewController.h; sourceTree = "<group>"; };
		CBE990701BD886E5004D8EF4 /* ViewController.m */ = {isa = PBXFileReference; lastKnownFileType = sourcecode.c.objc; path = ViewController.m; sourceTree = "<group>"; };
		CBE990731BD886E5004D8EF4 /* Base */ = {isa = PBXFileReference; lastKnownFileType = file.storyboard; name = Base; path = Base.lproj/Main.storyboard; sourceTree = "<group>"; };
		CBE990751BD886E5004D8EF4 /* Images.xcassets */ = {isa = PBXFileReference; lastKnownFileType = folder.assetcatalog; path = Images.xcassets; sourceTree = "<group>"; };
		CBE990781BD886E5004D8EF4 /* Base */ = {isa = PBXFileReference; lastKnownFileType = file.xib; name = Base; path = Base.lproj/LaunchScreen.xib; sourceTree = "<group>"; };
		CBE9907E1BD886E5004D8EF4 /* POST_JSONTests.xctest */ = {isa = PBXFileReference; explicitFileType = wrapper.cfbundle; includeInIndex = 0; path = POST_JSONTests.xctest; sourceTree = BUILT_PRODUCTS_DIR; };
		CBE990831BD886E5004D8EF4 /* Info.plist */ = {isa = PBXFileReference; lastKnownFileType = text.plist.xml; path = Info.plist; sourceTree = "<group>"; };
		CBE990841BD886E5004D8EF4 /* POST_JSONTests.m */ = {isa = PBXFileReference; lastKnownFileType = sourcecode.c.objc; path = POST_JSONTests.m; sourceTree = "<group>"; };
/* End PBXFileReference section */

/* Begin PBXFrameworksBuildPhase section */
		CBE990621BD886E5004D8EF4 /* Frameworks */ = {
			isa = PBXFrameworksBuildPhase;
			buildActionMask = 2147483647;
			files = (
			);
			runOnlyForDeploymentPostprocessing = 0;
		};
		CBE9907B1BD886E5004D8EF4 /* Frameworks */ = {
			isa = PBXFrameworksBuildPhase;
			buildActionMask = 2147483647;
			files = (
			);
			runOnlyForDeploymentPostprocessing = 0;
		};
/* End PBXFrameworksBuildPhase section */

/* Begin PBXGroup section */
		CBE9905C1BD886E5004D8EF4 = {
			isa = PBXGroup;
			children = (
				CBE990671BD886E5004D8EF4 /* POST_JSON */,
				CBE990811BD886E5004D8EF4 /* POST_JSONTests */,
				CBE990661BD886E5004D8EF4 /* Products */,
			);
			sourceTree = "<group>";
		};
		CBE990661BD886E5004D8EF4 /* Products */ = {
			isa = PBXGroup;
			children = (
				CBE990651BD886E5004D8EF4 /* POST_JSON.app */,
				CBE9907E1BD886E5004D8EF4 /* POST_JSONTests.xctest */,
			);
			name = Products;
			sourceTree = "<group>";
		};
		CBE990671BD886E5004D8EF4 /* POST_JSON */ = {
			isa = PBXGroup;
			children = (
				CBB9A6821BD890680007F01A /* demo.json */,
				CBE9906C1BD886E5004D8EF4 /* AppDelegate.h */,
				CBE9906D1BD886E5004D8EF4 /* AppDelegate.m */,
				CBE9906F1BD886E5004D8EF4 /* ViewController.h */,
				CBE990701BD886E5004D8EF4 /* ViewController.m */,
				CBE990721BD886E5004D8EF4 /* Main.storyboard */,
				CBE990751BD886E5004D8EF4 /* Images.xcassets */,
				CBB9A6841BD8A9410007F01A /* 001.png */,
				CBE990771BD886E5004D8EF4 /* LaunchScreen.xib */,
				CBE990681BD886E5004D8EF4 /* Supporting Files */,
			);
			path = POST_JSON;
			sourceTree = "<group>";
		};
		CBE990681BD886E5004D8EF4 /* Supporting Files */ = {
			isa = PBXGroup;
			children = (
				CBE990691BD886E5004D8EF4 /* Info.plist */,
				CBE9906A1BD886E5004D8EF4 /* main.m */,
			);
			name = "Supporting Files";
			sourceTree = "<group>";
		};
		CBE990811BD886E5004D8EF4 /* POST_JSONTests */ = {
			isa = PBXGroup;
			children = (
				CBE990841BD886E5004D8EF4 /* POST_JSONTests.m */,
				CBE990821BD886E5004D8EF4 /* Supporting Files */,
			);
			path = POST_JSONTests;
			sourceTree = "<group>";
		};
		CBE990821BD886E5004D8EF4 /* Supporting Files */ = {
			isa = PBXGroup;
			children = (
				CBE990831BD886E5004D8EF4 /* Info.plist */,
			);
			name = "Supporting Files";
			sourceTree = "<group>";
		};
/* End PBXGroup section */

/* Begin PBXNativeTarget section */
		CBE990641BD886E5004D8EF4 /* POST_JSON */ = {
			isa = PBXNativeTarget;
			buildConfigurationList = CBE990881BD886E5004D8EF4 /* Build configuration list for PBXNativeTarget "POST_JSON" */;
			buildPhases = (
				CBE990611BD886E5004D8EF4 /* Sources */,
				CBE990621BD886E5004D8EF4 /* Frameworks */,
				CBE990631BD886E5004D8EF4 /* Resources */,
			);
			buildRules = (
			);
			dependencies = (
			);
			name = POST_JSON;
			productName = POST_JSON;
			productReference = CBE990651BD886E5004D8EF4 /* POST_JSON.app */;
			productType = "com.apple.product-type.application";
		};
		CBE9907D1BD886E5004D8EF4 /* POST_JSONTests */ = {
			isa = PBXNativeTarget;
			buildConfigurationList = CBE9908B1BD886E5004D8EF4 /* Build configuration list for PBXNativeTarget "POST_JSONTests" */;
			buildPhases = (
				CBE9907A1BD886E5004D8EF4 /* Sources */,
				CBE9907B1BD886E5004D8EF4 /* Frameworks */,
				CBE9907C1BD886E5004D8EF4 /* Resources */,
			);
			buildRules = (
			);
			dependencies = (
				CBE990801BD886E5004D8EF4 /* PBXTargetDependency */,
			);
			name = POST_JSONTests;
			productName = POST_JSONTests;
			productReference = CBE9907E1BD886E5004D8EF4 /* POST_JSONTests.xctest */;
			productType = "com.apple.product-type.bundle.unit-test";
		};
/* End PBXNativeTarget section */

/* Begin PBXProject section */
		CBE9905D1BD886E5004D8EF4 /* Project object */ = {
			isa = PBXProject;
			attributes = {
				LastUpgradeCheck = 0640;
				ORGANIZATIONNAME = JW;
				TargetAttributes = {
					CBE990641BD886E5004D8EF4 = {
						CreatedOnToolsVersion = 6.4;
					};
					CBE9907D1BD886E5004D8EF4 = {
						CreatedOnToolsVersion = 6.4;
						TestTargetID = CBE990641BD886E5004D8EF4;
					};
				};
			};
			buildConfigurationList = CBE990601BD886E5004D8EF4 /* Build configuration list for PBXProject "POST_JSON" */;
			compatibilityVersion = "Xcode 3.2";
			developmentRegion = English;
			hasScannedForEncodings = 0;
			knownRegions = (
				en,
				Base,
			);
			mainGroup = CBE9905C1BD886E5004D8EF4;
			productRefGroup = CBE990661BD886E5004D8EF4 /* Products */;
			projectDirPath = "";
			projectRoot = "";
			targets = (
				CBE990641BD886E5004D8EF4 /* POST_JSON */,
				CBE9907D1BD886E5004D8EF4 /* POST_JSONTests */,
			);
		};
/* End PBXProject section */

/* Begin PBXResourcesBuildPhase section */
		CBE990631BD886E5004D8EF4 /* Resources */ = {
			isa = PBXResourcesBuildPhase;
			buildActionMask = 2147483647;
			files = (
				CBE990741BD886E5004D8EF4 /* Main.storyboard in Resources */,
				CBE990791BD886E5004D8EF4 /* LaunchScreen.xib in Resources */,
				CBB9A6831BD890680007F01A /* demo.json in Resources */,
				CBE990761BD886E5004D8EF4 /* Images.xcassets in Resources */,
				CBB9A6851BD8A9410007F01A /* 001.png in Resources */,
			);
			runOnlyForDeploymentPostprocessing = 0;
		};
		CBE9907C1BD886E5004D8EF4 /* Resources */ = {
			isa = PBXResourcesBuildPhase;
			buildActionMask = 2147483647;
			files = (
			);
			runOnlyForDeploymentPostprocessing = 0;
		};
/* End PBXResourcesBuildPhase section */

/* Begin PBXSourcesBuildPhase section */
		CBE990611BD886E5004D8EF4 /* Sources */ = {
			isa = PBXSourcesBuildPhase;
			buildActionMask = 2147483647;
			files = (
				CBE990711BD886E5004D8EF4 /* ViewController.m in Sources */,
				CBE9906E1BD886E5004D8EF4 /* AppDelegate.m in Sources */,
				CBE9906B1BD886E5004D8EF4 /* main.m in Sources */,
			);
			runOnlyForDeploymentPostprocessing = 0;
		};
		CBE9907A1BD886E5004D8EF4 /* Sources */ = {
			isa = PBXSourcesBuildPhase;
			buildActionMask = 2147483647;
			files = (
				CBE990851BD886E5004D8EF4 /* POST_JSONTests.m in Sources */,
			);
			runOnlyForDeploymentPostprocessing = 0;
		};
/* End PBXSourcesBuildPhase section */

/* Begin PBXTargetDependency section */
		CBE990801BD886E5004D8EF4 /* PBXTargetDependency */ = {
			isa = PBXTargetDependency;
			target = CBE990641BD886E5004D8EF4 /* POST_JSON */;
			targetProxy = CBE9907F1BD886E5004D8EF4 /* PBXContainerItemProxy */;
		};
/* End PBXTargetDependency section */

/* Begin PBXVariantGroup section */
		CBE990721BD886E5004D8EF4 /* Main.storyboard */ = {
			isa = PBXVariantGroup;
			children = (
				CBE990731BD886E5004D8EF4 /* Base */,
			);
			name = Main.storyboard;
			sourceTree = "<group>";
		};
		CBE990771BD886E5004D8EF4 /* LaunchScreen.xib */ = {
			isa = PBXVariantGroup;
			children = (
				CBE990781BD886E5004D8EF4 /* Base */,
			);
			name = LaunchScreen.xib;
			sourceTree = "<group>";
		};
/* End PBXVariantGroup section */

/* Begin XCBuildConfiguration section */
		CBE990861BD886E5004D8EF4 /* Debug */ = {
			isa = XCBuildConfiguration;
			buildSettings = {
				ALWAYS_SEARCH_USER_PATHS = NO;
				CLANG_CXX_LANGUAGE_STANDARD = "gnu++0x";
				CLANG_CXX_LIBRARY = "libc++";
				CLANG_ENABLE_MODULES = YES;
				CLANG_ENABLE_OBJC_ARC = YES;
				CLANG_WARN_BOOL_CONVERSION = YES;
				CLANG_WARN_CONSTANT_CONVERSION = YES;
				CLANG_WARN_DIRECT_OBJC_ISA_USAGE = YES_ERROR;
				CLANG_WARN_EMPTY_BODY = YES;
				CLANG_WARN_ENUM_CONVERSION = YES;
				CLANG_WARN_INT_CONVERSION = YES;
				CLANG_WARN_OBJC_ROOT_CLASS = YES_ERROR;
				CLANG_WARN_UNREACHABLE_CODE = YES;
				CLANG_WARN__DUPLICATE_METHOD_MATCH = YES;
				"CODE_SIGN_IDENTITY[sdk=iphoneos*]" = "iPhone Developer";
				COPY_PHASE_STRIP = NO;
				DEBUG_INFORMATION_FORMAT = "dwarf-with-dsym";
				ENABLE_STRICT_OBJC_MSGSEND = YES;
				GCC_C_LANGUAGE_STANDARD = gnu99;
				GCC_DYNAMIC_NO_PIC = NO;
				GCC_NO_COMMON_BLOCKS = YES;
				GCC_OPTIMIZATION_LEVEL = 0;
				GCC_PREPROCESSOR_DEFINITIONS = (
					"DEBUG=1",
					"$(inherited)",
				);
				GCC_SYMBOLS_PRIVATE_EXTERN = NO;
				GCC_WARN_64_TO_32_BIT_CONVERSION = YES;
				GCC_WARN_ABOUT_RETURN_TYPE = YES_ERROR;
				GCC_WARN_UNDECLARED_SELECTOR = YES;
				GCC_WARN_UNINITIALIZED_AUTOS = YES_AGGRESSIVE;
				GCC_WARN_UNUSED_FUNCTION = YES;
				GCC_WARN_UNUSED_VARIABLE = YES;
				IPHONEOS_DEPLOYMENT_TARGET = 8.4;
				MTL_ENABLE_DEBUG_INFO = YES;
				ONLY_ACTIVE_ARCH = YES;
				SDKROOT = iphoneos;
				TARGETED_DEVICE_FAMILY = "1,2";
			};
			name = Debug;
		};
		CBE990871BD886E5004D8EF4 /* Release */ = {
			isa = XCBuildConfiguration;
			buildSettings = {
				ALWAYS_SEARCH_USER_PATHS = NO;
				CLANG_CXX_LANGUAGE_STANDARD = "gnu++0x";
				CLANG_CXX_LIBRARY = "libc++";
				CLANG_ENABLE_MODULES = YES;
				CLANG_ENABLE_OBJC_ARC = YES;
				CLANG_WARN_BOOL_CONVERSION = YES;
				CLANG_WARN_CONSTANT_CONVERSION = YES;
				CLANG_WARN_DIRECT_OBJC_ISA_USAGE = YES_ERROR;
				CLANG_WARN_EMPTY_BODY = YES;
				CLANG_WARN_ENUM_CONVERSION = YES;
				CLANG_WARN_INT_CONVERSION = YES;
				CLANG_WARN_OBJC_ROOT_CLASS = YES_ERROR;
				CLANG_WARN_UNREACHABLE_CODE = YES;
				CLANG_WARN__DUPLICATE_METHOD_MATCH = YES;
				"CODE_SIGN_IDENTITY[sdk=iphoneos*]" = "iPhone Developer";
				COPY_PHASE_STRIP = NO;
				DEBUG_INFORMATION_FORMAT = "dwarf-with-dsym";
				ENABLE_NS_ASSERTIONS = NO;
				ENABLE_STRICT_OBJC_MSGSEND = YES;
				GCC_C_LANGUAGE_STANDARD = gnu99;
				GCC_NO_COMMON_BLOCKS = YES;
				GCC_WARN_64_TO_32_BIT_CONVERSION = YES;
				GCC_WARN_ABOUT_RETURN_TYPE = YES_ERROR;
				GCC_WARN_UNDECLARED_SELECTOR = YES;
				GCC_WARN_UNINITIALIZED_AUTOS = YES_AGGRESSIVE;
				GCC_WARN_UNUSED_FUNCTION = YES;
				GCC_WARN_UNUSED_VARIABLE = YES;
				IPHONEOS_DEPLOYMENT_TARGET = 8.4;
				MTL_ENABLE_DEBUG_INFO = NO;
				SDKROOT = iphoneos;
				TARGETED_DEVICE_FAMILY = "1,2";
				VALIDATE_PRODUCT = YES;
			};
			name = Release;
		};
		CBE990891BD886E5004D8EF4 /* Debug */ = {
			isa = XCBuildConfiguration;
			buildSettings = {
				ASSETCATALOG_COMPILER_APPICON_NAME = AppIcon;
				INFOPLIST_FILE = POST_JSON/Info.plist;
				LD_RUNPATH_SEARCH_PATHS = "$(inherited) @executable_path/Frameworks";
				PRODUCT_NAME = "$(TARGET_NAME)";
			};
			name = Debug;
		};
		CBE9908A1BD886E5004D8EF4 /* Release */ = {
			isa = XCBuildConfiguration;
			buildSettings = {
				ASSETCATALOG_COMPILER_APPICON_NAME = AppIcon;
				INFOPLIST_FILE = POST_JSON/Info.plist;
				LD_RUNPATH_SEARCH_PATHS = "$(inherited) @executable_path/Frameworks";
				PRODUCT_NAME = "$(TARGET_NAME)";
			};
			name = Release;
		};
		CBE9908C1BD886E5004D8EF4 /* Debug */ = {
			isa = XCBuildConfiguration;
			buildSettings = {
				BUNDLE_LOADER = "$(TEST_HOST)";
				FRAMEWORK_SEARCH_PATHS = (
					"$(SDKROOT)/Developer/Library/Frameworks",
					"$(inherited)",
				);
				GCC_PREPROCESSOR_DEFINITIONS = (
					"DEBUG=1",
					"$(inherited)",
				);
				INFOPLIST_FILE = POST_JSONTests/Info.plist;
				LD_RUNPATH_SEARCH_PATHS = "$(inherited) @executable_path/Frameworks @loader_path/Frameworks";
				PRODUCT_NAME = "$(TARGET_NAME)";
				TEST_HOST = "$(BUILT_PRODUCTS_DIR)/POST_JSON.app/POST_JSON";
			};
			name = Debug;
		};
		CBE9908D1BD886E5004D8EF4 /* Release */ = {
			isa = XCBuildConfiguration;
			buildSettings = {
				BUNDLE_LOADER = "$(TEST_HOST)";
				FRAMEWORK_SEARCH_PATHS = (
					"$(SDKROOT)/Developer/Library/Frameworks",
					"$(inherited)",
				);
				INFOPLIST_FILE = POST_JSONTests/Info.plist;
				LD_RUNPATH_SEARCH_PATHS = "$(inherited) @executable_path/Frameworks @loader_path/Frameworks";
				PRODUCT_NAME = "$(TARGET_NAME)";
				TEST_HOST = "$(BUILT_PRODUCTS_DIR)/POST_JSON.app/POST_JSON";
			};
			name = Release;
		};
/* End XCBuildConfiguration section */

/* Begin XCConfigurationList section */
		CBE990601BD886E5004D8EF4 /* Build configuration list for PBXProject "POST_JSON" */ = {
			isa = XCConfigurationList;
			buildConfigurations = (
				CBE990861BD886E5004D8EF4 /* Debug */,
				CBE990871BD886E5004D8EF4 /* Release */,
			);
			defaultConfigurationIsVisible = 0;
			defaultConfigurationName = Release;
		};
		CBE990881BD886E5004D8EF4 /* Build configuration list for PBXNativeTarget "POST_JSON" */ = {
			isa = XCConfigurationList;
			buildConfigurations = (
				CBE990891BD886E5004D8EF4 /* Debug */,
				CBE9908A1BD886E5004D8EF4 /* Release */,
			);
			defaultConfigurationIsVisible = 0;
			defaultConfigurationName = Release;
		};
		CBE9908B1BD886E5004D8EF4 /* Build configuration list for PBXNativeTarget "POST_JSONTests" */ = {
			isa = XCConfigurationList;
			buildConfigurations = (
				CBE9908C1BD886E5004D8EF4 /* Debug */,
				CBE9908D1BD886E5004D8EF4 /* Release */,
			);
			defaultConfigurationIsVisible = 0;
			defaultConfigurationName = Release;
		};
/* End XCConfigurationList section */
	};
	rootObject = CBE9905D1BD886E5004D8EF4 /* Project object */;
}
